github.com/adityatelange/hugo-PaperMod v0.0.0-20260109161122-6c5a8f6b055c h1:aHN8p1KeE6aVHkBS4Jc/c28q8biynTolUzj3Ta4sPRc=
github.com/adityatelange/hugo-PaperMod v0.0.0-20260109161122-6c5a8f6b055c/go.mod h1:HCHxNMKYdGafUYjVV3ICiAqznZK2yH0iI53jqcDFDdQ=
github.com/vimux/mainroad v0.0.0-20240906135647-13e04b3694ea h1:n5jEY1n4gOctXAIR1OXc1feB8j9fc5IIk7QDy5jiGy0=
github.com/vimux/mainroad v0.0.0-20240906135647-13e04b3694ea/go.mod h1:Gk9iXsARNmAg+2szyzue3lvbLsvJQPNmKqOrbSjYCPM=
